
Microsoft Visual Studio Solution File, Format Version 12.00
# Visual Studio Version 17
VisualStudioVersion = 17.10.35122.118
MinimumVisualStudioVersion = 10.0.40219.1
Project("{9A19103F-16F7-4668-BE54-9A1E7A4F7556}") = "Vendas", "Vendas\Vendas.csproj", "{711463C4-361E-4DDF-917B-97C9BF054063}"
EndProject
Global
	GlobalSection(SolutionConfigurationPlatforms) = preSolution
		Debug|Any CPU = Debug|Any CPU
		Release|Any CPU = Release|Any CPU
	EndGlobalSection
	GlobalSection(ProjectConfigurationPlatforms) = postSolution
		{711463C4-361E-4DDF-917B-97C9BF054063}.Debug|Any CPU.ActiveCfg = Debug|Any CPU
		{711463C4-361E-4DDF-917B-97C9BF054063}.Debug|Any CPU.Build.0 = Debug|Any CPU
		{711463C4-361E-4DDF-917B-97C9BF054063}.Release|Any CPU.ActiveCfg = Release|Any CPU
		{711463C4-361E-4DDF-917B-97C9BF054063}.Release|Any CPU.Build.0 = Release|Any CPU
	EndGlobalSection
	GlobalSection(SolutionProperties) = preSolution
		HideSolutionNode = FALSE
	EndGlobalSection
	GlobalSection(ExtensibilityGlobals) = postSolution
		SolutionGuid = {A2E5BF11-A74B-48AD-A3BE-B1725E76780B}
	EndGlobalSection
EndGlobal
